Microsoft Visual Studio Solution File, Format Version 12.00
# Visual Studio Version 17
VisualStudioVersion = 17.10.34804.81
MinimumVisualStudioVersion = 10.0.40219.1
Project("{FAE04EC0-301F-11D3-BF4B-00C04F79EFBC}") = "MyApp.AppHost", "MyApp.AppHost\MyApp.AppHost.csproj", "{835E6DA2-E243-49B0-9C98-4FDFA78D6157}"
EndProject
Project("{9A19103F-16F7-4668-BE54-9A1E7A4F7556}") = "MyApp.ServiceDefaults", "MyApp.ServiceDefaults\MyApp.ServiceDefaults.csproj", "{1393F2BD-6CFC-4A37-964E-9E83FFE1862B}"
EndProject
Project("{9A19103F-16F7-4668-BE54-9A1E7A4F7556}") = "MyApp.ApiService", "MyApp.ApiService\MyApp.ApiService.csproj", "{3030B436-3ED0-470E-A1F5-FA4B6560475B}"
EndProject
Project("{9A19103F-16F7-4668-BE54-9A1E7A4F7556}") = "MyApp.Web", "MyApp.Web\MyApp.Web.csproj", "{B4D0D325-E570-47C2-B616-0205CF1B1496}"
EndProject
Project("{FAE04EC0-301F-11D3-BF4B-00C04F79EFBC}") = "excel-blazor-sideloader", "excel-blazor-sideloader\excel-blazor-sideloader.csproj", "{EDA2A384-77DD-4EF5-BE17-122BE3956B7F}"
	ProjectSection(ProjectDependencies) = postProject
		{835E6DA2-E243-49B0-9C98-4FDFA78D6157} = {835E6DA2-E243-49B0-9C98-4FDFA78D6157}
		{B4D0D325-E570-47C2-B616-0205CF1B1496} = {B4D0D325-E570-47C2-B616-0205CF1B1496}
	EndProjectSection
EndProject
Global
	GlobalSection(SolutionConfigurationPlatforms) = preSolution
		Debug|Any CPU = Debug|Any CPU
		Release|Any CPU = Release|Any CPU
	EndGlobalSection
	GlobalSection(ProjectConfigurationPlatforms) = postSolution
		{835E6DA2-E243-49B0-9C98-4FDFA78D6157}.Debug|Any CPU.ActiveCfg = Debug|Any CPU
		{835E6DA2-E243-49B0-9C98-4FDFA78D6157}.Debug|Any CPU.Build.0 = Debug|Any CPU
		{835E6DA2-E243-49B0-9C98-4FDFA78D6157}.Release|Any CPU.ActiveCfg = Release|Any CPU
		{835E6DA2-E243-49B0-9C98-4FDFA78D6157}.Release|Any CPU.Build.0 = Release|Any CPU
		{1393F2BD-6CFC-4A37-964E-9E83FFE1862B}.Debug|Any CPU.ActiveCfg = Debug|Any CPU
		{1393F2BD-6CFC-4A37-964E-9E83FFE1862B}.Debug|Any CPU.Build.0 = Debug|Any CPU
		{1393F2BD-6CFC-4A37-964E-9E83FFE1862B}.Release|Any CPU.ActiveCfg = Release|Any CPU
		{1393F2BD-6CFC-4A37-964E-9E83FFE1862B}.Release|Any CPU.Build.0 = Release|Any CPU
		{3030B436-3ED0-470E-A1F5-FA4B6560475B}.Debug|Any CPU.ActiveCfg = Debug|Any CPU
		{3030B436-3ED0-470E-A1F5-FA4B6560475B}.Debug|Any CPU.Build.0 = Debug|Any CPU
		{3030B436-3ED0-470E-A1F5-FA4B6560475B}.Release|Any CPU.ActiveCfg = Release|Any CPU
		{3030B436-3ED0-470E-A1F5-FA4B6560475B}.Release|Any CPU.Build.0 = Release|Any CPU
		{B4D0D325-E570-47C2-B616-0205CF1B1496}.Debug|Any CPU.ActiveCfg = Debug|Any CPU
		{B4D0D325-E570-47C2-B616-0205CF1B1496}.Debug|Any CPU.Build.0 = Debug|Any CPU
		{B4D0D325-E570-47C2-B616-0205CF1B1496}.Release|Any CPU.ActiveCfg = Release|Any CPU
		{B4D0D325-E570-47C2-B616-0205CF1B1496}.Release|Any CPU.Build.0 = Release|Any CPU
		{EDA2A384-77DD-4EF5-BE17-122BE3956B7F}.Debug|Any CPU.ActiveCfg = Debug|Any CPU
		{EDA2A384-77DD-4EF5-BE17-122BE3956B7F}.Debug|Any CPU.Build.0 = Debug|Any CPU
		{EDA2A384-77DD-4EF5-BE17-122BE3956B7F}.Debug|Any CPU.Deploy.0 = Debug|Any CPU
		{EDA2A384-77DD-4EF5-BE17-122BE3956B7F}.Release|Any CPU.ActiveCfg = Release|Any CPU
		{EDA2A384-77DD-4EF5-BE17-122BE3956B7F}.Release|Any CPU.Build.0 = Release|Any CPU
		{EDA2A384-77DD-4EF5-BE17-122BE3956B7F}.Release|Any CPU.Deploy.0 = Release|Any CPU
	EndGlobalSection
	GlobalSection(SolutionProperties) = preSolution
		HideSolutionNode = FALSE
	EndGlobalSection
	GlobalSection(ExtensibilityGlobals) = postSolution
		SolutionGuid = {00E88EE5-9DA4-45AE-BFF8-B6D8B250B4AF}
	EndGlobalSection
EndGlobal
